
Microsoft Visual Studio Solution File, Format Version 12.00
# Visual Studio Version 16
VisualStudioVersion = 16.0.31129.286
MinimumVisualStudioVersion = 10.0.40219.1
Project("{FAE04EC0-301F-11D3-BF4B-00C04F79EFBC}") = "DiningPhilosophers_v_2_0", "DiningPhilosophers_v_2_0.csproj", "{C3A5E03A-6955-404B-9AB4-BCB43BAD9B0A}"
EndProject
Global
	GlobalSection(SolutionConfigurationPlatforms) = preSolution
		Debug|Any CPU = Debug|Any CPU
		Release|Any CPU = Release|Any CPU
	EndGlobalSection
	GlobalSection(ProjectConfigurationPlatforms) = postSolution
		{C3A5E03A-6955-404B-9AB4-BCB43BAD9B0A}.Debug|Any CPU.ActiveCfg = Debug|Any CPU
		{C3A5E03A-6955-404B-9AB4-BCB43BAD9B0A}.Debug|Any CPU.Build.0 = Debug|Any CPU
		{C3A5E03A-6955-404B-9AB4-BCB43BAD9B0A}.Release|Any CPU.ActiveCfg = Release|Any CPU
		{C3A5E03A-6955-404B-9AB4-BCB43BAD9B0A}.Release|Any CPU.Build.0 = Release|Any CPU
	EndGlobalSection
	GlobalSection(SolutionProperties) = preSolution
		HideSolutionNode = FALSE
	EndGlobalSection
	GlobalSection(ExtensibilityGlobals) = postSolution
		SolutionGuid = {A4CA8FE3-2917-4ED8-80FF-A6BBF0C743B8}
	EndGlobalSection
EndGlobal
